
Microsoft Visual Studio Solution File, Format Version 12.00
# Visual Studio Version 17
VisualStudioVersion = 17.14.36301.6
MinimumVisualStudioVersion = 10.0.40219.1
Project("{FAE04EC0-301F-11D3-BF4B-00C04F79EFBC}") = "Dong.Domain", "Dong.Domain\Dong.Domain.csproj", "{3AB6CD3D-E5B2-4D82-8CE2-14FF7E7C06A8}"
EndProject
Project("{FAE04EC0-301F-11D3-BF4B-00C04F79EFBC}") = "Dong.Infrastructure", "Dong.Infrastructure\Dong.Infrastructure.csproj", "{7DB74102-9805-4206-A295-FF7333EF8307}"
EndProject
Project("{FAE04EC0-301F-11D3-BF4B-00C04F79EFBC}") = "Dong.Application", "Dong.Application\Dong.Application.csproj", "{F3211F67-98EE-45D1-A6CF-E86A8BF4E20A}"
EndProject
Project("{FAE04EC0-301F-11D3-BF4B-00C04F79EFBC}") = "Dong.Blazor", "Dong.Blazor\Dong.Blazor.csproj", "{0AF139C1-848E-4A83-8722-9ACB1194EC71}"
EndProject
Global
	GlobalSection(SolutionConfigurationPlatforms) = preSolution
		Debug|Any CPU = Debug|Any CPU
		Release|Any CPU = Release|Any CPU
	EndGlobalSection
	GlobalSection(ProjectConfigurationPlatforms) = postSolution
		{3AB6CD3D-E5B2-4D82-8CE2-14FF7E7C06A8}.Debug|Any CPU.ActiveCfg = Debug|Any CPU
		{3AB6CD3D-E5B2-4D82-8CE2-14FF7E7C06A8}.Debug|Any CPU.Build.0 = Debug|Any CPU
		{3AB6CD3D-E5B2-4D82-8CE2-14FF7E7C06A8}.Release|Any CPU.ActiveCfg = Release|Any CPU
		{3AB6CD3D-E5B2-4D82-8CE2-14FF7E7C06A8}.Release|Any CPU.Build.0 = Release|Any CPU
		{7DB74102-9805-4206-A295-FF7333EF8307}.Debug|Any CPU.ActiveCfg = Debug|Any CPU
		{7DB74102-9805-4206-A295-FF7333EF8307}.Debug|Any CPU.Build.0 = Debug|Any CPU
		{7DB74102-9805-4206-A295-FF7333EF8307}.Release|Any CPU.ActiveCfg = Release|Any CPU
		{7DB74102-9805-4206-A295-FF7333EF8307}.Release|Any CPU.Build.0 = Release|Any CPU
		{F3211F67-98EE-45D1-A6CF-E86A8BF4E20A}.Debug|Any CPU.ActiveCfg = Debug|Any CPU
		{F3211F67-98EE-45D1-A6CF-E86A8BF4E20A}.Debug|Any CPU.Build.0 = Debug|Any CPU
		{F3211F67-98EE-45D1-A6CF-E86A8BF4E20A}.Release|Any CPU.ActiveCfg = Release|Any CPU
		{F3211F67-98EE-45D1-A6CF-E86A8BF4E20A}.Release|Any CPU.Build.0 = Release|Any CPU
		{0AF139C1-848E-4A83-8722-9ACB1194EC71}.Debug|Any CPU.ActiveCfg = Debug|Any CPU
		{0AF139C1-848E-4A83-8722-9ACB1194EC71}.Debug|Any CPU.Build.0 = Debug|Any CPU
		{0AF139C1-848E-4A83-8722-9ACB1194EC71}.Release|Any CPU.ActiveCfg = Release|Any CPU
		{0AF139C1-848E-4A83-8722-9ACB1194EC71}.Release|Any CPU.Build.0 = Release|Any CPU
	EndGlobalSection
	GlobalSection(SolutionProperties) = preSolution
		HideSolutionNode = FALSE
	EndGlobalSection
	GlobalSection(ExtensibilityGlobals) = postSolution
		SolutionGuid = {E89BA3EC-E20F-48D1-AA18-DB560F7386F8}
	EndGlobalSection
EndGlobal
